# This file is automatically @generated by Cargo.
version = 4

[[package]]
name = "exact"
version = "1.2.3"
source = "registry+https://github.com/rust-lang/crates.io-index"
checksum = "0000000000000000000000000000000000000000000000000000000000000000"

[[package]]
name = "no-checksum"
version = "1.0.0"
source = "registry+https://github.com/rust-lang/crates.io-index"

[[package]]
name = "non-canonical"
version = "0.5.0"
source = "git+https://example.com/non-canonical.git#abcdef"
checksum = "1111"
