{
  "name": "fixture-npm-rich",
  "version": "0.0.0",
  "lockfileVersion": 3,
  "requires": true,
  "packages": {
    "": {
      "name": "fixture-npm-rich",
      "version": "0.0.0"
    },
    "node_modules/lodash": {
      "version": "4.17.21",
      "resolved": "https://registry.npmjs.org/lodash/-/lodash-4.17.21.tgz",
      "integrity": "sha512-AAA"
    },
    "node_modules/no-integrity": {
      "version": "1.0.0",
      "resolved": "https://registry.npmjs.org/no-integrity/-/no-integrity-1.0.0.tgz"
    },
    "node_modules/git-source": {
      "version": "1.0.0",
      "resolved": "git+https://github.com/foo/bar.git#abcdef",
      "integrity": "sha512-BBB"
    },
    "node_modules/@scope/pkg": {
      "version": "2.0.0",
      "resolved": "https://registry.npmjs.org/@scope/pkg/-/pkg-2.0.0.tgz",
      "integrity": "sha512-CCC"
    },
    "node_modules/parent/node_modules/nested": {
      "version": "0.5.0",
      "resolved": "https://registry.npmjs.org/nested/-/nested-0.5.0.tgz",
      "integrity": "sha512-DDD"
    },
    "node_modules/missing-version": {
      "resolved": "https://registry.npmjs.org/missing-version/-/missing-version-1.0.0.tgz"
    },
    "node_modules/non-dict-info": "not-a-dict"
  },
  "dependencies": {
    "v1-style": {
      "version": "0.1.0",
      "resolved": "https://registry.npmjs.org/v1-style/-/v1-style-0.1.0.tgz",
      "integrity": "sha512-EEE",
      "dependencies": {
        "v1-nested": {
          "version": "0.0.1",
          "resolved": "https://registry.npmjs.org/v1-nested/-/v1-nested-0.0.1.tgz"
        }
      }
    },
    "v1-non-dict": "string-not-dict"
  }
}
