lockfileVersion: '9.0'

settings:
  autoInstallPeers: true

packages:

  /lodash@4.17.21:
    resolution:
      integrity: sha512-JJJ
      tarball: 'https://registry.npmjs.org/lodash/-/lodash-4.17.21.tgz'

  /old-style/1.0.0:
    resolution:
      integrity: sha512-KKK

  /@scope/pkg@2.0.0:
    resolution:
      integrity: sha512-LLL
      tarball: 'https://example.com/scope-pkg-2.0.0.tgz'

  /peerdep@1.0.0(react@18.2.0):
    resolution:
      integrity: sha512-MMM
