{
  "version": 1,
  "dependencies": {
    "net8.0": {
      "Newtonsoft.Json": {
        "type": "Direct",
        "requested": "[13.0.4, )",
        "resolved": "13.0.4",
        "contentHash": "AAAA"
      },
      "OnlyInRoot": {
        "type": "Direct",
        "requested": "[1.0.0, )",
        "resolved": "1.0.0",
        "contentHash": "BBBB"
      }
    }
  }
}
